{
  "object": {
    "pins": [
      {
        "package": "NnUIViewKitPackage",
        "repositoryURL": "https://github.com/nikolainobadi/NnUIViewKitPackage",
        "state": {
          "branch": "main",
          "revision": "c4d4c39558a8d6956753a696bf89c747f1f838b6",
          "version": null
        }
      }
    ]
  },
  "version": 1
}
